
Microsoft Visual Studio Solution File, Format Version 12.00
# Visual Studio Version 16
VisualStudioVersion = 16.0.29519.181
MinimumVisualStudioVersion = 10.0.40219.1
Project("{FAE04EC0-301F-11D3-BF4B-00C04F79EFBC}") = "Glav10BES", "Glav10BES\Glav10BES.csproj", "{A01CFC58-91CB-4429-86E4-B28B8C4AF06B}"
EndProject
Global
	GlobalSection(SolutionConfigurationPlatforms) = preSolution
		Debug|Any CPU = Debug|Any CPU
		Release|Any CPU = Release|Any CPU
	EndGlobalSection
	GlobalSection(ProjectConfigurationPlatforms) = postSolution
		{A01CFC58-91CB-4429-86E4-B28B8C4AF06B}.Debug|Any CPU.ActiveCfg = Debug|Any CPU
		{A01CFC58-91CB-4429-86E4-B28B8C4AF06B}.Debug|Any CPU.Build.0 = Debug|Any CPU
		{A01CFC58-91CB-4429-86E4-B28B8C4AF06B}.Release|Any CPU.ActiveCfg = Release|Any CPU
		{A01CFC58-91CB-4429-86E4-B28B8C4AF06B}.Release|Any CPU.Build.0 = Release|Any CPU
	EndGlobalSection
	GlobalSection(SolutionProperties) = preSolution
		HideSolutionNode = FALSE
	EndGlobalSection
	GlobalSection(ExtensibilityGlobals) = postSolution
		SolutionGuid = {1E186F18-C935-45B8-85D4-41CECF38DFE5}
	EndGlobalSection
EndGlobal
